# THIS IS AN AUTOGENERATED FILE. DO NOT EDIT THIS FILE DIRECTLY.
# yarn lockfile v1


scroll-into-view@^1.15.0:
  version "1.15.0"
  resolved "https://registry.yarnpkg.com/scroll-into-view/-/scroll-into-view-1.15.0.tgz#9e6733bd74680349d6e5c49ddde6a09d9309fadf"
  integrity sha512-Ytbg8O1GlN8vOOZMPDOrjXixAFXZ4oJklxHkYREqdUFYo+a8qVuPX16U3nRkifKnM8kkvY9sOy7EL30HaeW07Q==
